
Microsoft Visual Studio Solution File, Format Version 12.00
# Visual Studio Version 17
VisualStudioVersion = 17.2.32630.192
MinimumVisualStudioVersion = 10.0.40219.1
Project("{2150E333-8FDC-42A3-9474-1A3956D46DE8}") = "Services", "Services", "{87976349-AAB7-472D-9CAF-2EFDAAD999C6}"
EndProject
Project("{2150E333-8FDC-42A3-9474-1A3956D46DE8}") = "Catalog", "Catalog", "{7520055A-4E3D-4263-A01A-7C5FEC2C5480}"
EndProject
Project("{9A19103F-16F7-4668-BE54-9A1E7A4F7556}") = "FreeCourse.Services.Catalog", "Services\Catalog\FreeCourse.Services.Catalog\FreeCourse.Services.Catalog.csproj", "{B4F6D811-CD18-4F96-9C6A-542541E8BFF2}"
EndProject
Project("{2150E333-8FDC-42A3-9474-1A3956D46DE8}") = "Solution Items", "Solution Items", "{F2704C52-D277-421B-8C18-336301B430C2}"
	ProjectSection(SolutionItems) = preProject
		Ports.txt = Ports.txt
	EndProjectSection
EndProject
Project("{2150E333-8FDC-42A3-9474-1A3956D46DE8}") = "Shared", "Shared", "{9AE313F8-BC0E-4320-9D75-C128C3E04DA3}"
EndProject
Project("{FAE04EC0-301F-11D3-BF4B-00C04F79EFBC}") = "FreeCourse.Shared", "Shared\FreeCourse.Shared\FreeCourse.Shared.csproj", "{053F56C3-EEE6-43AD-ABF5-3393CC918CA7}"
EndProject
Global
	GlobalSection(SolutionConfigurationPlatforms) = preSolution
		Debug|Any CPU = Debug|Any CPU
		Release|Any CPU = Release|Any CPU
	EndGlobalSection
	GlobalSection(ProjectConfigurationPlatforms) = postSolution
		{B4F6D811-CD18-4F96-9C6A-542541E8BFF2}.Debug|Any CPU.ActiveCfg = Debug|Any CPU
		{B4F6D811-CD18-4F96-9C6A-542541E8BFF2}.Debug|Any CPU.Build.0 = Debug|Any CPU
		{B4F6D811-CD18-4F96-9C6A-542541E8BFF2}.Release|Any CPU.ActiveCfg = Release|Any CPU
		{B4F6D811-CD18-4F96-9C6A-542541E8BFF2}.Release|Any CPU.Build.0 = Release|Any CPU
		{053F56C3-EEE6-43AD-ABF5-3393CC918CA7}.Debug|Any CPU.ActiveCfg = Debug|Any CPU
		{053F56C3-EEE6-43AD-ABF5-3393CC918CA7}.Debug|Any CPU.Build.0 = Debug|Any CPU
		{053F56C3-EEE6-43AD-ABF5-3393CC918CA7}.Release|Any CPU.ActiveCfg = Release|Any CPU
		{053F56C3-EEE6-43AD-ABF5-3393CC918CA7}.Release|Any CPU.Build.0 = Release|Any CPU
	EndGlobalSection
	GlobalSection(SolutionProperties) = preSolution
		HideSolutionNode = FALSE
	EndGlobalSection
	GlobalSection(NestedProjects) = preSolution
		{7520055A-4E3D-4263-A01A-7C5FEC2C5480} = {87976349-AAB7-472D-9CAF-2EFDAAD999C6}
		{B4F6D811-CD18-4F96-9C6A-542541E8BFF2} = {7520055A-4E3D-4263-A01A-7C5FEC2C5480}
		{053F56C3-EEE6-43AD-ABF5-3393CC918CA7} = {9AE313F8-BC0E-4320-9D75-C128C3E04DA3}
	EndGlobalSection
	GlobalSection(ExtensibilityGlobals) = postSolution
		SolutionGuid = {C2506B2C-82DF-411D-BC8A-39F4FC272301}
	EndGlobalSection
EndGlobal
